
Microsoft Visual Studio Solution File, Format Version 12.00
# Visual Studio Version 17
VisualStudioVersion = 17.12.35707.178
MinimumVisualStudioVersion = 10.0.40219.1
Project("{FAE04EC0-301F-11D3-BF4B-00C04F79EFBC}") = "BookCatalogAPI", "BookCatalogAPI\BookCatalogAPI.csproj", "{7D78C2FE-B25C-4090-A226-5AC9EFE87751}"
EndProject
Project("{E53339B2-1760-4266-BCC7-CA923CBCF16C}") = "docker-compose", "docker-compose.dcproj", "{C5912545-A933-4D50-AB17-45BF34F78516}"
EndProject
Project("{FAE04EC0-301F-11D3-BF4B-00C04F79EFBC}") = "BookCatalogClient", "BookCatalogClient\BookCatalogClient.csproj", "{D514CE8D-97E6-48AD-A5A0-EAB126EB720B}"
EndProject
Global
	GlobalSection(SolutionConfigurationPlatforms) = preSolution
		Debug|Any CPU = Debug|Any CPU
		Debug|x64 = Debug|x64
		Release|Any CPU = Release|Any CPU
		Release|x64 = Release|x64
	EndGlobalSection
	GlobalSection(ProjectConfigurationPlatforms) = postSolution
		{7D78C2FE-B25C-4090-A226-5AC9EFE87751}.Debug|Any CPU.ActiveCfg = Debug|Any CPU
		{7D78C2FE-B25C-4090-A226-5AC9EFE87751}.Debug|Any CPU.Build.0 = Debug|Any CPU
		{7D78C2FE-B25C-4090-A226-5AC9EFE87751}.Debug|x64.ActiveCfg = Debug|Any CPU
		{7D78C2FE-B25C-4090-A226-5AC9EFE87751}.Debug|x64.Build.0 = Debug|Any CPU
		{7D78C2FE-B25C-4090-A226-5AC9EFE87751}.Release|Any CPU.ActiveCfg = Release|Any CPU
		{7D78C2FE-B25C-4090-A226-5AC9EFE87751}.Release|Any CPU.Build.0 = Release|Any CPU
		{7D78C2FE-B25C-4090-A226-5AC9EFE87751}.Release|x64.ActiveCfg = Release|Any CPU
		{7D78C2FE-B25C-4090-A226-5AC9EFE87751}.Release|x64.Build.0 = Release|Any CPU
		{C5912545-A933-4D50-AB17-45BF34F78516}.Debug|Any CPU.ActiveCfg = Debug|Any CPU
		{C5912545-A933-4D50-AB17-45BF34F78516}.Debug|Any CPU.Build.0 = Debug|Any CPU
		{C5912545-A933-4D50-AB17-45BF34F78516}.Debug|x64.ActiveCfg = Debug|Any CPU
		{C5912545-A933-4D50-AB17-45BF34F78516}.Debug|x64.Build.0 = Debug|Any CPU
		{C5912545-A933-4D50-AB17-45BF34F78516}.Release|Any CPU.ActiveCfg = Release|Any CPU
		{C5912545-A933-4D50-AB17-45BF34F78516}.Release|Any CPU.Build.0 = Release|Any CPU
		{C5912545-A933-4D50-AB17-45BF34F78516}.Release|x64.ActiveCfg = Release|Any CPU
		{C5912545-A933-4D50-AB17-45BF34F78516}.Release|x64.Build.0 = Release|Any CPU
		{D514CE8D-97E6-48AD-A5A0-EAB126EB720B}.Debug|Any CPU.ActiveCfg = Debug|Any CPU
		{D514CE8D-97E6-48AD-A5A0-EAB126EB720B}.Debug|Any CPU.Build.0 = Debug|Any CPU
		{D514CE8D-97E6-48AD-A5A0-EAB126EB720B}.Debug|x64.ActiveCfg = Debug|Any CPU
		{D514CE8D-97E6-48AD-A5A0-EAB126EB720B}.Debug|x64.Build.0 = Debug|Any CPU
		{D514CE8D-97E6-48AD-A5A0-EAB126EB720B}.Release|Any CPU.ActiveCfg = Release|Any CPU
		{D514CE8D-97E6-48AD-A5A0-EAB126EB720B}.Release|Any CPU.Build.0 = Release|Any CPU
		{D514CE8D-97E6-48AD-A5A0-EAB126EB720B}.Release|x64.ActiveCfg = Release|Any CPU
		{D514CE8D-97E6-48AD-A5A0-EAB126EB720B}.Release|x64.Build.0 = Release|Any CPU
	EndGlobalSection
	GlobalSection(SolutionProperties) = preSolution
		HideSolutionNode = FALSE
	EndGlobalSection
EndGlobal
